
Microsoft Visual Studio Solution File, Format Version 12.00
# Visual Studio Version 17
VisualStudioVersion = 17.3.32825.248
MinimumVisualStudioVersion = 10.0.40219.1
Project("{FAE04EC0-301F-11D3-BF4B-00C04F79EFBC}") = "GitHub_Pamoka_05", "GitHub_Pamoka_05\GitHub_Pamoka_05.csproj", "{7B98EF15-3AAB-43A9-9F67-1674936197D2}"
EndProject
Global
	GlobalSection(SolutionConfigurationPlatforms) = preSolution
		Debug|Any CPU = Debug|Any CPU
		Release|Any CPU = Release|Any CPU
	EndGlobalSection
	GlobalSection(ProjectConfigurationPlatforms) = postSolution
		{7B98EF15-3AAB-43A9-9F67-1674936197D2}.Debug|Any CPU.ActiveCfg = Debug|Any CPU
		{7B98EF15-3AAB-43A9-9F67-1674936197D2}.Debug|Any CPU.Build.0 = Debug|Any CPU
		{7B98EF15-3AAB-43A9-9F67-1674936197D2}.Release|Any CPU.ActiveCfg = Release|Any CPU
		{7B98EF15-3AAB-43A9-9F67-1674936197D2}.Release|Any CPU.Build.0 = Release|Any CPU
	EndGlobalSection
	GlobalSection(SolutionProperties) = preSolution
		HideSolutionNode = FALSE
	EndGlobalSection
	GlobalSection(ExtensibilityGlobals) = postSolution
		SolutionGuid = {6BBF3F3F-AA69-4EE8-8E54-EE0920DF13A9}
	EndGlobalSection
EndGlobal
